
Microsoft Visual Studio Solution File, Format Version 12.00
# Visual Studio Version 17
VisualStudioVersion = 17.6.33723.286
MinimumVisualStudioVersion = 10.0.40219.1
Project("{2150E333-8FDC-42A3-9474-1A3956D46DE8}") = "test", "test", "{0F046F49-A55E-40D4-8D5F-220772FFEE28}"
EndProject
Project("{2150E333-8FDC-42A3-9474-1A3956D46DE8}") = "Solution Items", "Solution Items", "{54A80064-3749-444E-9A51-4BA4A90E6F6A}"
	ProjectSection(SolutionItems) = preProject
		.editorconfig = .editorconfig
	EndProjectSection
EndProject
Project("{2150E333-8FDC-42A3-9474-1A3956D46DE8}") = "src", "src", "{0FC28111-ACAB-4630-9D8C-D11A76358875}"
EndProject
Project("{9A19103F-16F7-4668-BE54-9A1E7A4F7556}") = "Eclipse.Application", "src\Eclipse.Application\Eclipse.Application.csproj", "{CF94FB10-9522-4D69-8B96-49E44312E660}"
EndProject
Project("{9A19103F-16F7-4668-BE54-9A1E7A4F7556}") = "Eclipse.Application.Contracts", "src\Eclipse.Application.Contracts\Eclipse.Application.Contracts.csproj", "{237F13DF-2F5B-4DBB-B8EE-0EBB47DE5FA7}"
EndProject
Project("{9A19103F-16F7-4668-BE54-9A1E7A4F7556}") = "Eclipse.Core", "src\Eclipse.Core\Eclipse.Core.csproj", "{4179744A-D071-468C-84CF-B6B8B1FAC22C}"
EndProject
Project("{9A19103F-16F7-4668-BE54-9A1E7A4F7556}") = "Eclipse.DataAccess", "src\Eclipse.DataAccess\Eclipse.DataAccess.csproj", "{E85E181A-1C0D-4CE3-AFE9-24E62EC8B648}"
EndProject
Project("{9A19103F-16F7-4668-BE54-9A1E7A4F7556}") = "Eclipse.Domain", "src\Eclipse.Domain\Eclipse.Domain.csproj", "{607CB38F-A552-4801-9FD0-5AE7F0D79EA0}"
EndProject
Project("{9A19103F-16F7-4668-BE54-9A1E7A4F7556}") = "Eclipse.Domain.Shared", "src\Eclipse.Domain.Shared\Eclipse.Domain.Shared.csproj", "{4A08CAB7-7871-4333-948D-F1C083D7499A}"
EndProject
Project("{9A19103F-16F7-4668-BE54-9A1E7A4F7556}") = "Eclipse.Infrastructure", "src\Eclipse.Infrastructure\Eclipse.Infrastructure.csproj", "{7F1836B4-2120-4DF6-9D96-F4A9177C9C3B}"
EndProject
Project("{9A19103F-16F7-4668-BE54-9A1E7A4F7556}") = "Eclipse.Localization", "src\Eclipse.Localization\Eclipse.Localization.csproj", "{9A5D8337-0805-451E-9A99-5E308E5FB4BF}"
EndProject
Project("{9A19103F-16F7-4668-BE54-9A1E7A4F7556}") = "Eclipse.WebAPI", "src\Eclipse.WebAPI\Eclipse.WebAPI.csproj", "{854D356D-B7C8-411D-8DCF-4EBB7C74F241}"
EndProject
Project("{9A19103F-16F7-4668-BE54-9A1E7A4F7556}") = "Eclipse.Application.Tests", "test\Eclipse.Application.Tests\Eclipse.Application.Tests.csproj", "{A63BCDA3-48FE-4659-A2B2-2807CF00D234}"
EndProject
Project("{9A19103F-16F7-4668-BE54-9A1E7A4F7556}") = "Eclipse.Common.Tests", "test\Eclipse.Common.Tests\Eclipse.Common.Tests.csproj", "{1A5C3846-FB7B-4C5F-A117-28DE0832303D}"
EndProject
Project("{9A19103F-16F7-4668-BE54-9A1E7A4F7556}") = "Eclipse.Core.Tests", "test\Eclipse.Core.Tests\Eclipse.Core.Tests.csproj", "{BAC07C85-C8AF-4599-AAB5-965553C2A992}"
EndProject
Project("{9A19103F-16F7-4668-BE54-9A1E7A4F7556}") = "Eclipse.Domain.Tests", "test\Eclipse.Domain.Tests\Eclipse.Domain.Tests.csproj", "{AED335A8-C3AD-4069-875C-CA7A09543E3B}"
EndProject
Project("{9A19103F-16F7-4668-BE54-9A1E7A4F7556}") = "Eclipse.IntegrationTests", "test\Eclipse.IntegrationTests\Eclipse.IntegrationTests.csproj", "{A8191AF7-8F07-4DFB-87F9-79D9C50B0544}"
EndProject
Project("{9A19103F-16F7-4668-BE54-9A1E7A4F7556}") = "Eclipse.Localization.Tests", "test\Eclipse.Localization.Tests\Eclipse.Localization.Tests.csproj", "{1FBEA7C7-C9BD-4E38-BE66-38973F5B80B4}"
EndProject
Project("{9A19103F-16F7-4668-BE54-9A1E7A4F7556}") = "Eclipse.Pipelines.Tests", "test\Eclipse.Pipelines.Tests\Eclipse.Pipelines.Tests.csproj", "{EF9849DE-84D9-430C-A5DC-90D4ABC2F1E0}"
EndProject
Project("{9A19103F-16F7-4668-BE54-9A1E7A4F7556}") = "Eclipse.Tests", "test\Eclipse.Tests\Eclipse.Tests.csproj", "{702C54CC-A6D1-47CB-8E04-4338ED360133}"
EndProject
Project("{9A19103F-16F7-4668-BE54-9A1E7A4F7556}") = "Eclipse.Tests.Bdd", "test\Eclipse.Tests.Bdd\Eclipse.Tests.Bdd.csproj", "{58CD11DF-52C5-447A-B711-0EB7623D5785}"
EndProject
Project("{9A19103F-16F7-4668-BE54-9A1E7A4F7556}") = "Eclipse.Localization", "src\Eclipse.Localization\Eclipse.Localization.csproj", "{085417D0-376B-49CA-A1BF-B0EDA6495638}"
Project("{2150E333-8FDC-42A3-9474-1A3956D46DE8}") = "Common", "Common", "{F6D163E5-32EB-48AF-8416-53E47ACF2E56}"
EndProject
Project("{9A19103F-16F7-4668-BE54-9A1E7A4F7556}") = "Eclipse.Common", "src\Common\Eclipse.Common\Eclipse.Common.csproj", "{A5A1A01E-E07C-471B-B4BC-7311665B471C}"
EndProject
Project("{9A19103F-16F7-4668-BE54-9A1E7A4F7556}") = "Eclipse.Pipelines", "src\Eclipse.Pipelines\Eclipse.Pipelines.csproj", "{44F3684D-8EE5-47DD-940C-63A52B900DA1}"
EndProject
Global
	GlobalSection(SolutionConfigurationPlatforms) = preSolution
		Debug|Any CPU = Debug|Any CPU
		Release|Any CPU = Release|Any CPU
	EndGlobalSection
	GlobalSection(ProjectConfigurationPlatforms) = postSolution
		{CF94FB10-9522-4D69-8B96-49E44312E660}.Debug|Any CPU.ActiveCfg = Debug|Any CPU
		{CF94FB10-9522-4D69-8B96-49E44312E660}.Debug|Any CPU.Build.0 = Debug|Any CPU
		{CF94FB10-9522-4D69-8B96-49E44312E660}.Release|Any CPU.ActiveCfg = Release|Any CPU
		{CF94FB10-9522-4D69-8B96-49E44312E660}.Release|Any CPU.Build.0 = Release|Any CPU
		{237F13DF-2F5B-4DBB-B8EE-0EBB47DE5FA7}.Debug|Any CPU.ActiveCfg = Debug|Any CPU
		{237F13DF-2F5B-4DBB-B8EE-0EBB47DE5FA7}.Debug|Any CPU.Build.0 = Debug|Any CPU
		{237F13DF-2F5B-4DBB-B8EE-0EBB47DE5FA7}.Release|Any CPU.ActiveCfg = Release|Any CPU
		{237F13DF-2F5B-4DBB-B8EE-0EBB47DE5FA7}.Release|Any CPU.Build.0 = Release|Any CPU
		{4179744A-D071-468C-84CF-B6B8B1FAC22C}.Debug|Any CPU.ActiveCfg = Debug|Any CPU
		{4179744A-D071-468C-84CF-B6B8B1FAC22C}.Debug|Any CPU.Build.0 = Debug|Any CPU
		{4179744A-D071-468C-84CF-B6B8B1FAC22C}.Release|Any CPU.ActiveCfg = Release|Any CPU
		{4179744A-D071-468C-84CF-B6B8B1FAC22C}.Release|Any CPU.Build.0 = Release|Any CPU
		{E85E181A-1C0D-4CE3-AFE9-24E62EC8B648}.Debug|Any CPU.ActiveCfg = Debug|Any CPU
		{E85E181A-1C0D-4CE3-AFE9-24E62EC8B648}.Debug|Any CPU.Build.0 = Debug|Any CPU
		{E85E181A-1C0D-4CE3-AFE9-24E62EC8B648}.Release|Any CPU.ActiveCfg = Release|Any CPU
		{E85E181A-1C0D-4CE3-AFE9-24E62EC8B648}.Release|Any CPU.Build.0 = Release|Any CPU
		{607CB38F-A552-4801-9FD0-5AE7F0D79EA0}.Debug|Any CPU.ActiveCfg = Debug|Any CPU
		{607CB38F-A552-4801-9FD0-5AE7F0D79EA0}.Debug|Any CPU.Build.0 = Debug|Any CPU
		{607CB38F-A552-4801-9FD0-5AE7F0D79EA0}.Release|Any CPU.ActiveCfg = Release|Any CPU
		{607CB38F-A552-4801-9FD0-5AE7F0D79EA0}.Release|Any CPU.Build.0 = Release|Any CPU
		{4A08CAB7-7871-4333-948D-F1C083D7499A}.Debug|Any CPU.ActiveCfg = Debug|Any CPU
		{4A08CAB7-7871-4333-948D-F1C083D7499A}.Debug|Any CPU.Build.0 = Debug|Any CPU
		{4A08CAB7-7871-4333-948D-F1C083D7499A}.Release|Any CPU.ActiveCfg = Release|Any CPU
		{4A08CAB7-7871-4333-948D-F1C083D7499A}.Release|Any CPU.Build.0 = Release|Any CPU
		{7F1836B4-2120-4DF6-9D96-F4A9177C9C3B}.Debug|Any CPU.ActiveCfg = Debug|Any CPU
		{7F1836B4-2120-4DF6-9D96-F4A9177C9C3B}.Debug|Any CPU.Build.0 = Debug|Any CPU
		{7F1836B4-2120-4DF6-9D96-F4A9177C9C3B}.Release|Any CPU.ActiveCfg = Release|Any CPU
		{7F1836B4-2120-4DF6-9D96-F4A9177C9C3B}.Release|Any CPU.Build.0 = Release|Any CPU
		{9A5D8337-0805-451E-9A99-5E308E5FB4BF}.Debug|Any CPU.ActiveCfg = Debug|Any CPU
		{9A5D8337-0805-451E-9A99-5E308E5FB4BF}.Debug|Any CPU.Build.0 = Debug|Any CPU
		{9A5D8337-0805-451E-9A99-5E308E5FB4BF}.Release|Any CPU.ActiveCfg = Release|Any CPU
		{9A5D8337-0805-451E-9A99-5E308E5FB4BF}.Release|Any CPU.Build.0 = Release|Any CPU
		{854D356D-B7C8-411D-8DCF-4EBB7C74F241}.Debug|Any CPU.ActiveCfg = Debug|Any CPU
		{854D356D-B7C8-411D-8DCF-4EBB7C74F241}.Debug|Any CPU.Build.0 = Debug|Any CPU
		{854D356D-B7C8-411D-8DCF-4EBB7C74F241}.Release|Any CPU.ActiveCfg = Release|Any CPU
		{854D356D-B7C8-411D-8DCF-4EBB7C74F241}.Release|Any CPU.Build.0 = Release|Any CPU
		{A63BCDA3-48FE-4659-A2B2-2807CF00D234}.Debug|Any CPU.ActiveCfg = Debug|Any CPU
		{A63BCDA3-48FE-4659-A2B2-2807CF00D234}.Debug|Any CPU.Build.0 = Debug|Any CPU
		{A63BCDA3-48FE-4659-A2B2-2807CF00D234}.Release|Any CPU.ActiveCfg = Release|Any CPU
		{A63BCDA3-48FE-4659-A2B2-2807CF00D234}.Release|Any CPU.Build.0 = Release|Any CPU
		{1A5C3846-FB7B-4C5F-A117-28DE0832303D}.Debug|Any CPU.ActiveCfg = Debug|Any CPU
		{1A5C3846-FB7B-4C5F-A117-28DE0832303D}.Debug|Any CPU.Build.0 = Debug|Any CPU
		{1A5C3846-FB7B-4C5F-A117-28DE0832303D}.Release|Any CPU.ActiveCfg = Release|Any CPU
		{1A5C3846-FB7B-4C5F-A117-28DE0832303D}.Release|Any CPU.Build.0 = Release|Any CPU
		{BAC07C85-C8AF-4599-AAB5-965553C2A992}.Debug|Any CPU.ActiveCfg = Debug|Any CPU
		{BAC07C85-C8AF-4599-AAB5-965553C2A992}.Debug|Any CPU.Build.0 = Debug|Any CPU
		{BAC07C85-C8AF-4599-AAB5-965553C2A992}.Release|Any CPU.ActiveCfg = Release|Any CPU
		{BAC07C85-C8AF-4599-AAB5-965553C2A992}.Release|Any CPU.Build.0 = Release|Any CPU
		{AED335A8-C3AD-4069-875C-CA7A09543E3B}.Debug|Any CPU.ActiveCfg = Debug|Any CPU
		{AED335A8-C3AD-4069-875C-CA7A09543E3B}.Debug|Any CPU.Build.0 = Debug|Any CPU
		{AED335A8-C3AD-4069-875C-CA7A09543E3B}.Release|Any CPU.ActiveCfg = Release|Any CPU
		{AED335A8-C3AD-4069-875C-CA7A09543E3B}.Release|Any CPU.Build.0 = Release|Any CPU
		{A8191AF7-8F07-4DFB-87F9-79D9C50B0544}.Debug|Any CPU.ActiveCfg = Debug|Any CPU
		{A8191AF7-8F07-4DFB-87F9-79D9C50B0544}.Debug|Any CPU.Build.0 = Debug|Any CPU
		{A8191AF7-8F07-4DFB-87F9-79D9C50B0544}.Release|Any CPU.ActiveCfg = Release|Any CPU
		{A8191AF7-8F07-4DFB-87F9-79D9C50B0544}.Release|Any CPU.Build.0 = Release|Any CPU
		{1FBEA7C7-C9BD-4E38-BE66-38973F5B80B4}.Debug|Any CPU.ActiveCfg = Debug|Any CPU
		{1FBEA7C7-C9BD-4E38-BE66-38973F5B80B4}.Debug|Any CPU.Build.0 = Debug|Any CPU
		{1FBEA7C7-C9BD-4E38-BE66-38973F5B80B4}.Release|Any CPU.ActiveCfg = Release|Any CPU
		{1FBEA7C7-C9BD-4E38-BE66-38973F5B80B4}.Release|Any CPU.Build.0 = Release|Any CPU
		{EF9849DE-84D9-430C-A5DC-90D4ABC2F1E0}.Debug|Any CPU.ActiveCfg = Debug|Any CPU
		{EF9849DE-84D9-430C-A5DC-90D4ABC2F1E0}.Debug|Any CPU.Build.0 = Debug|Any CPU
		{EF9849DE-84D9-430C-A5DC-90D4ABC2F1E0}.Release|Any CPU.ActiveCfg = Release|Any CPU
		{EF9849DE-84D9-430C-A5DC-90D4ABC2F1E0}.Release|Any CPU.Build.0 = Release|Any CPU
		{702C54CC-A6D1-47CB-8E04-4338ED360133}.Debug|Any CPU.ActiveCfg = Debug|Any CPU
		{702C54CC-A6D1-47CB-8E04-4338ED360133}.Debug|Any CPU.Build.0 = Debug|Any CPU
		{702C54CC-A6D1-47CB-8E04-4338ED360133}.Release|Any CPU.ActiveCfg = Release|Any CPU
		{702C54CC-A6D1-47CB-8E04-4338ED360133}.Release|Any CPU.Build.0 = Release|Any CPU
		{58CD11DF-52C5-447A-B711-0EB7623D5785}.Debug|Any CPU.ActiveCfg = Debug|Any CPU
		{58CD11DF-52C5-447A-B711-0EB7623D5785}.Debug|Any CPU.Build.0 = Debug|Any CPU
		{58CD11DF-52C5-447A-B711-0EB7623D5785}.Release|Any CPU.ActiveCfg = Release|Any CPU
		{58CD11DF-52C5-447A-B711-0EB7623D5785}.Release|Any CPU.Build.0 = Release|Any CPU
		{085417D0-376B-49CA-A1BF-B0EDA6495638}.Debug|Any CPU.ActiveCfg = Debug|Any CPU
		{085417D0-376B-49CA-A1BF-B0EDA6495638}.Debug|Any CPU.Build.0 = Debug|Any CPU
		{085417D0-376B-49CA-A1BF-B0EDA6495638}.Release|Any CPU.ActiveCfg = Release|Any CPU
		{085417D0-376B-49CA-A1BF-B0EDA6495638}.Release|Any CPU.Build.0 = Release|Any CPU
		{A5A1A01E-E07C-471B-B4BC-7311665B471C}.Debug|Any CPU.ActiveCfg = Debug|Any CPU
		{A5A1A01E-E07C-471B-B4BC-7311665B471C}.Debug|Any CPU.Build.0 = Debug|Any CPU
		{A5A1A01E-E07C-471B-B4BC-7311665B471C}.Release|Any CPU.ActiveCfg = Release|Any CPU
		{A5A1A01E-E07C-471B-B4BC-7311665B471C}.Release|Any CPU.Build.0 = Release|Any CPU
		{44F3684D-8EE5-47DD-940C-63A52B900DA1}.Debug|Any CPU.ActiveCfg = Debug|Any CPU
		{44F3684D-8EE5-47DD-940C-63A52B900DA1}.Debug|Any CPU.Build.0 = Debug|Any CPU
		{44F3684D-8EE5-47DD-940C-63A52B900DA1}.Release|Any CPU.ActiveCfg = Release|Any CPU
		{44F3684D-8EE5-47DD-940C-63A52B900DA1}.Release|Any CPU.Build.0 = Release|Any CPU
	EndGlobalSection
	GlobalSection(SolutionProperties) = preSolution
		HideSolutionNode = FALSE
	EndGlobalSection
	GlobalSection(NestedProjects) = preSolution
		{CF94FB10-9522-4D69-8B96-49E44312E660} = {0FC28111-ACAB-4630-9D8C-D11A76358875}
		{237F13DF-2F5B-4DBB-B8EE-0EBB47DE5FA7} = {0FC28111-ACAB-4630-9D8C-D11A76358875}
		{4179744A-D071-468C-84CF-B6B8B1FAC22C} = {0FC28111-ACAB-4630-9D8C-D11A76358875}
		{E85E181A-1C0D-4CE3-AFE9-24E62EC8B648} = {0FC28111-ACAB-4630-9D8C-D11A76358875}
		{607CB38F-A552-4801-9FD0-5AE7F0D79EA0} = {0FC28111-ACAB-4630-9D8C-D11A76358875}
		{4A08CAB7-7871-4333-948D-F1C083D7499A} = {0FC28111-ACAB-4630-9D8C-D11A76358875}
		{7F1836B4-2120-4DF6-9D96-F4A9177C9C3B} = {0FC28111-ACAB-4630-9D8C-D11A76358875}
		{9A5D8337-0805-451E-9A99-5E308E5FB4BF} = {0FC28111-ACAB-4630-9D8C-D11A76358875}
		{854D356D-B7C8-411D-8DCF-4EBB7C74F241} = {0FC28111-ACAB-4630-9D8C-D11A76358875}
		{A63BCDA3-48FE-4659-A2B2-2807CF00D234} = {0F046F49-A55E-40D4-8D5F-220772FFEE28}
		{1A5C3846-FB7B-4C5F-A117-28DE0832303D} = {0F046F49-A55E-40D4-8D5F-220772FFEE28}
		{BAC07C85-C8AF-4599-AAB5-965553C2A992} = {0F046F49-A55E-40D4-8D5F-220772FFEE28}
		{AED335A8-C3AD-4069-875C-CA7A09543E3B} = {0F046F49-A55E-40D4-8D5F-220772FFEE28}
		{A8191AF7-8F07-4DFB-87F9-79D9C50B0544} = {0F046F49-A55E-40D4-8D5F-220772FFEE28}
		{1FBEA7C7-C9BD-4E38-BE66-38973F5B80B4} = {0F046F49-A55E-40D4-8D5F-220772FFEE28}
		{EF9849DE-84D9-430C-A5DC-90D4ABC2F1E0} = {0F046F49-A55E-40D4-8D5F-220772FFEE28}
		{702C54CC-A6D1-47CB-8E04-4338ED360133} = {0F046F49-A55E-40D4-8D5F-220772FFEE28}
		{58CD11DF-52C5-447A-B711-0EB7623D5785} = {0F046F49-A55E-40D4-8D5F-220772FFEE28}
		{085417D0-376B-49CA-A1BF-B0EDA6495638} = {0FC28111-ACAB-4630-9D8C-D11A76358875}
		{F6D163E5-32EB-48AF-8416-53E47ACF2E56} = {0FC28111-ACAB-4630-9D8C-D11A76358875}
		{A5A1A01E-E07C-471B-B4BC-7311665B471C} = {F6D163E5-32EB-48AF-8416-53E47ACF2E56}
		{44F3684D-8EE5-47DD-940C-63A52B900DA1} = {0FC28111-ACAB-4630-9D8C-D11A76358875}
	EndGlobalSection
	GlobalSection(ExtensibilityGlobals) = postSolution
		SolutionGuid = {F191F42F-E73C-400D-B0EF-2E6CD7145C57}
	EndGlobalSection
EndGlobal
