
Microsoft Visual Studio Solution File, Format Version 12.00
# Visual Studio Version 17
VisualStudioVersion = 17.6.33723.286
MinimumVisualStudioVersion = 10.0.40219.1
Project("{FAE04EC0-301F-11D3-BF4B-00C04F79EFBC}") = "Eclipse.WebAPI", "Eclipse.WebAPI.csproj", "{7CF6B718-D97D-4930-A2BA-BE722856D2D4}"
EndProject
Global
	GlobalSection(SolutionConfigurationPlatforms) = preSolution
		Debug|Any CPU = Debug|Any CPU
		Release|Any CPU = Release|Any CPU
	EndGlobalSection
	GlobalSection(ProjectConfigurationPlatforms) = postSolution
		{7CF6B718-D97D-4930-A2BA-BE722856D2D4}.Debug|Any CPU.ActiveCfg = Debug|Any CPU
		{7CF6B718-D97D-4930-A2BA-BE722856D2D4}.Debug|Any CPU.Build.0 = Debug|Any CPU
		{7CF6B718-D97D-4930-A2BA-BE722856D2D4}.Release|Any CPU.ActiveCfg = Release|Any CPU
		{7CF6B718-D97D-4930-A2BA-BE722856D2D4}.Release|Any CPU.Build.0 = Release|Any CPU
	EndGlobalSection
	GlobalSection(SolutionProperties) = preSolution
		HideSolutionNode = FALSE
	EndGlobalSection
	GlobalSection(ExtensibilityGlobals) = postSolution
		SolutionGuid = {F191F42F-E73C-400D-B0EF-2E6CD7145C57}
	EndGlobalSection
EndGlobal
